{
  "name": "tweet-colour",
  "version": "1.0.0",
  "lockfileVersion": 1,
  "requires": true,
  "dependencies": {
    "artnet": {
      "version": "1.3.3",
      "resolved": "https://registry.npmjs.org/artnet/-/artnet-1.3.3.tgz",
      "integrity": "sha1-zfByNqm1Qx1R1FBpC7evbRcsWe4="
    },
    "node-twitter": {
      "version": "0.5.3",
      "resolved": "https://registry.npmjs.org/node-twitter/-/node-twitter-0.5.3.tgz",
      "integrity": "sha1-e4S/azltb48aAMrZDrk80wGEZ+I=",
      "requires": {
        "request": "2.9.203"
      }
    },
    "onecolor": {
      "version": "3.0.5",
      "resolved": "https://registry.npmjs.org/onecolor/-/onecolor-3.0.5.tgz",
      "integrity": "sha1-Nu/zIgE3nv3xGA+0ReUajiQl+fY="
    },
    "request": {
      "version": "2.9.203",
      "resolved": "https://registry.npmjs.org/request/-/request-2.9.203.tgz",
      "integrity": "sha1-bBcRpUB/uUoRQhlWPkQUW8v0cjo="
    }
  }
}
