{
  "name": "tweet-colour",
  "version": "1.0.0",
  "lockfileVersion": 1,
  "requires": true,
  "dependencies": {
    "node-twitter": {
      "version": "0.5.3",
      "resolved": "https://registry.npmjs.org/node-twitter/-/node-twitter-0.5.3.tgz",
      "integrity": "sha1-e4S/azltb48aAMrZDrk80wGEZ+I=",
      "requires": {
        "request": "2.9.203"
      }
    },
    "request": {
      "version": "2.9.203",
      "resolved": "https://registry.npmjs.org/request/-/request-2.9.203.tgz",
      "integrity": "sha1-bBcRpUB/uUoRQhlWPkQUW8v0cjo="
    }
  }
}
